
Microsoft Visual Studio Solution File, Format Version 12.00
# Visual Studio 2012
Project("{FAE04EC0-301F-11D3-BF4B-00C04F79EFBC}") = "MonoGameOpenGL", "MonoGameOpenGL\MonoGameOpenGL.csproj", "{D594930E-9C6B-48EE-B11C-745E7CCFF1DC}"
EndProject
Project("{FAE04EC0-301F-11D3-BF4B-00C04F79EFBC}") = "MonoGame.Graphics.Space", "MonoGame.Graphics.Space\MonoGame.Graphics.Space.csproj", "{BFA0CA76-D587-43F9-85B7-55A52B132FFF}"
EndProject
Project("{FAE04EC0-301F-11D3-BF4B-00C04F79EFBC}") = "MonoGame.Game.Space", "MonoGame.Game.Space\MonoGame.Game.Space.csproj", "{2A4AEDC5-35CC-4D39-81E6-F9A328521F4E}"
EndProject
Project("{FAE04EC0-301F-11D3-BF4B-00C04F79EFBC}") = "MonoGame.Sounds.Space", "MonoGame.Sounds.Space\MonoGame.Sounds.Space.csproj", "{080ACC59-CF82-4961-98CB-638D4976944F}"
EndProject
Project("{FAE04EC0-301F-11D3-BF4B-00C04F79EFBC}") = "MonoGame.Game.Rpg", "MonoGame.Game.Rpg\MonoGame.Game.Rpg.csproj", "{08063C3D-0EE5-445F-A671-9C5ED6A741F6}"
EndProject
Project("{FAE04EC0-301F-11D3-BF4B-00C04F79EFBC}") = "MonoGame.Server", "MonoGame.Server\MonoGame.Server.csproj", "{A4B862CD-D259-4595-8B84-812F1A6A9533}"
EndProject
Project("{2150E333-8FDC-42A3-9474-1A3956D46DE8}") = "1. Run Time", "1. Run Time", "{B7AA7D83-FD5D-4699-957B-8FA466583825}"
EndProject
Project("{2150E333-8FDC-42A3-9474-1A3956D46DE8}") = "2. Game", "2. Game", "{02317830-E906-4C81-ABA2-F973AF11F52C}"
EndProject
Project("{2150E333-8FDC-42A3-9474-1A3956D46DE8}") = "3. Common", "3. Common", "{1D6B7C20-1A33-4385-B8A2-374085172F7E}"
EndProject
Project("{FAE04EC0-301F-11D3-BF4B-00C04F79EFBC}") = "MonoGame.Input.Rpg", "MonoGame.Input.Rpg\MonoGame.Input.Rpg.csproj", "{CEE11814-AB87-45AE-B5C4-4F8759BE5265}"
EndProject
Project("{2150E333-8FDC-42A3-9474-1A3956D46DE8}") = "4. Content", "4. Content", "{883D9C25-11B3-4FBA-8322-745C849B3D74}"
EndProject
Project("{FAE04EC0-301F-11D3-BF4B-00C04F79EFBC}") = "MonoGame.Common", "MonoGame.Common\MonoGame.Common.csproj", "{EE193094-B6A8-46C2-9E82-50AC198D3987}"
EndProject
Project("{FAE04EC0-301F-11D3-BF4B-00C04F79EFBC}") = "MonoGame.Graphics.Rpg", "MonoGame.Graphics.Rpg\MonoGame.Graphics.Rpg.csproj", "{8A7224CF-EF73-431E-99FD-2A894708F7BD}"
EndProject
Project("{FAE04EC0-301F-11D3-BF4B-00C04F79EFBC}") = "MonoGame.Graphics.Common", "MonoGame.Graphics.Common\MonoGame.Graphics.Common.csproj", "{E75CA2E0-80DB-4C48-8FE0-55FBACC43E81}"
EndProject
Global
	GlobalSection(SolutionConfigurationPlatforms) = preSolution
		Debug|Any CPU = Debug|Any CPU
		Debug|Mixed Platforms = Debug|Mixed Platforms
		Debug|x86 = Debug|x86
		Release|Any CPU = Release|Any CPU
		Release|Mixed Platforms = Release|Mixed Platforms
		Release|x86 = Release|x86
	EndGlobalSection
	GlobalSection(ProjectConfigurationPlatforms) = postSolution
		{D594930E-9C6B-48EE-B11C-745E7CCFF1DC}.Debug|Any CPU.ActiveCfg = Debug|x86
		{D594930E-9C6B-48EE-B11C-745E7CCFF1DC}.Debug|Mixed Platforms.ActiveCfg = Debug|x86
		{D594930E-9C6B-48EE-B11C-745E7CCFF1DC}.Debug|Mixed Platforms.Build.0 = Debug|x86
		{D594930E-9C6B-48EE-B11C-745E7CCFF1DC}.Debug|x86.ActiveCfg = Debug|x86
		{D594930E-9C6B-48EE-B11C-745E7CCFF1DC}.Debug|x86.Build.0 = Debug|x86
		{D594930E-9C6B-48EE-B11C-745E7CCFF1DC}.Release|Any CPU.ActiveCfg = Release|x86
		{D594930E-9C6B-48EE-B11C-745E7CCFF1DC}.Release|Mixed Platforms.ActiveCfg = Release|x86
		{D594930E-9C6B-48EE-B11C-745E7CCFF1DC}.Release|Mixed Platforms.Build.0 = Release|x86
		{D594930E-9C6B-48EE-B11C-745E7CCFF1DC}.Release|x86.ActiveCfg = Release|x86
		{D594930E-9C6B-48EE-B11C-745E7CCFF1DC}.Release|x86.Build.0 = Release|x86
		{BFA0CA76-D587-43F9-85B7-55A52B132FFF}.Debug|Any CPU.ActiveCfg = Debug|Any CPU
		{BFA0CA76-D587-43F9-85B7-55A52B132FFF}.Debug|Any CPU.Build.0 = Debug|Any CPU
		{BFA0CA76-D587-43F9-85B7-55A52B132FFF}.Debug|Mixed Platforms.ActiveCfg = Debug|Any CPU
		{BFA0CA76-D587-43F9-85B7-55A52B132FFF}.Debug|Mixed Platforms.Build.0 = Debug|Any CPU
		{BFA0CA76-D587-43F9-85B7-55A52B132FFF}.Debug|x86.ActiveCfg = Debug|Any CPU
		{BFA0CA76-D587-43F9-85B7-55A52B132FFF}.Release|Any CPU.ActiveCfg = Release|Any CPU
		{BFA0CA76-D587-43F9-85B7-55A52B132FFF}.Release|Any CPU.Build.0 = Release|Any CPU
		{BFA0CA76-D587-43F9-85B7-55A52B132FFF}.Release|Mixed Platforms.ActiveCfg = Release|Any CPU
		{BFA0CA76-D587-43F9-85B7-55A52B132FFF}.Release|Mixed Platforms.Build.0 = Release|Any CPU
		{BFA0CA76-D587-43F9-85B7-55A52B132FFF}.Release|x86.ActiveCfg = Release|Any CPU
		{2A4AEDC5-35CC-4D39-81E6-F9A328521F4E}.Debug|Any CPU.ActiveCfg = Debug|Any CPU
		{2A4AEDC5-35CC-4D39-81E6-F9A328521F4E}.Debug|Any CPU.Build.0 = Debug|Any CPU
		{2A4AEDC5-35CC-4D39-81E6-F9A328521F4E}.Debug|Mixed Platforms.ActiveCfg = Debug|Any CPU
		{2A4AEDC5-35CC-4D39-81E6-F9A328521F4E}.Debug|Mixed Platforms.Build.0 = Debug|Any CPU
		{2A4AEDC5-35CC-4D39-81E6-F9A328521F4E}.Debug|x86.ActiveCfg = Debug|Any CPU
		{2A4AEDC5-35CC-4D39-81E6-F9A328521F4E}.Release|Any CPU.ActiveCfg = Release|Any CPU
		{2A4AEDC5-35CC-4D39-81E6-F9A328521F4E}.Release|Any CPU.Build.0 = Release|Any CPU
		{2A4AEDC5-35CC-4D39-81E6-F9A328521F4E}.Release|Mixed Platforms.ActiveCfg = Release|Any CPU
		{2A4AEDC5-35CC-4D39-81E6-F9A328521F4E}.Release|Mixed Platforms.Build.0 = Release|Any CPU
		{2A4AEDC5-35CC-4D39-81E6-F9A328521F4E}.Release|x86.ActiveCfg = Release|Any CPU
		{080ACC59-CF82-4961-98CB-638D4976944F}.Debug|Any CPU.ActiveCfg = Debug|Any CPU
		{080ACC59-CF82-4961-98CB-638D4976944F}.Debug|Any CPU.Build.0 = Debug|Any CPU
		{080ACC59-CF82-4961-98CB-638D4976944F}.Debug|Mixed Platforms.ActiveCfg = Debug|Any CPU
		{080ACC59-CF82-4961-98CB-638D4976944F}.Debug|Mixed Platforms.Build.0 = Debug|Any CPU
		{080ACC59-CF82-4961-98CB-638D4976944F}.Debug|x86.ActiveCfg = Debug|Any CPU
		{080ACC59-CF82-4961-98CB-638D4976944F}.Release|Any CPU.ActiveCfg = Release|Any CPU
		{080ACC59-CF82-4961-98CB-638D4976944F}.Release|Any CPU.Build.0 = Release|Any CPU
		{080ACC59-CF82-4961-98CB-638D4976944F}.Release|Mixed Platforms.ActiveCfg = Release|Any CPU
		{080ACC59-CF82-4961-98CB-638D4976944F}.Release|Mixed Platforms.Build.0 = Release|Any CPU
		{080ACC59-CF82-4961-98CB-638D4976944F}.Release|x86.ActiveCfg = Release|Any CPU
		{08063C3D-0EE5-445F-A671-9C5ED6A741F6}.Debug|Any CPU.ActiveCfg = Debug|Any CPU
		{08063C3D-0EE5-445F-A671-9C5ED6A741F6}.Debug|Any CPU.Build.0 = Debug|Any CPU
		{08063C3D-0EE5-445F-A671-9C5ED6A741F6}.Debug|Mixed Platforms.ActiveCfg = Debug|Any CPU
		{08063C3D-0EE5-445F-A671-9C5ED6A741F6}.Debug|Mixed Platforms.Build.0 = Debug|Any CPU
		{08063C3D-0EE5-445F-A671-9C5ED6A741F6}.Debug|x86.ActiveCfg = Debug|Any CPU
		{08063C3D-0EE5-445F-A671-9C5ED6A741F6}.Release|Any CPU.ActiveCfg = Release|Any CPU
		{08063C3D-0EE5-445F-A671-9C5ED6A741F6}.Release|Any CPU.Build.0 = Release|Any CPU
		{08063C3D-0EE5-445F-A671-9C5ED6A741F6}.Release|Mixed Platforms.ActiveCfg = Release|Any CPU
		{08063C3D-0EE5-445F-A671-9C5ED6A741F6}.Release|Mixed Platforms.Build.0 = Release|Any CPU
		{08063C3D-0EE5-445F-A671-9C5ED6A741F6}.Release|x86.ActiveCfg = Release|Any CPU
		{A4B862CD-D259-4595-8B84-812F1A6A9533}.Debug|Any CPU.ActiveCfg = Debug|Any CPU
		{A4B862CD-D259-4595-8B84-812F1A6A9533}.Debug|Any CPU.Build.0 = Debug|Any CPU
		{A4B862CD-D259-4595-8B84-812F1A6A9533}.Debug|Mixed Platforms.ActiveCfg = Debug|Any CPU
		{A4B862CD-D259-4595-8B84-812F1A6A9533}.Debug|Mixed Platforms.Build.0 = Debug|Any CPU
		{A4B862CD-D259-4595-8B84-812F1A6A9533}.Debug|x86.ActiveCfg = Debug|Any CPU
		{A4B862CD-D259-4595-8B84-812F1A6A9533}.Release|Any CPU.ActiveCfg = Release|Any CPU
		{A4B862CD-D259-4595-8B84-812F1A6A9533}.Release|Any CPU.Build.0 = Release|Any CPU
		{A4B862CD-D259-4595-8B84-812F1A6A9533}.Release|Mixed Platforms.ActiveCfg = Release|Any CPU
		{A4B862CD-D259-4595-8B84-812F1A6A9533}.Release|Mixed Platforms.Build.0 = Release|Any CPU
		{A4B862CD-D259-4595-8B84-812F1A6A9533}.Release|x86.ActiveCfg = Release|Any CPU
		{CEE11814-AB87-45AE-B5C4-4F8759BE5265}.Debug|Any CPU.ActiveCfg = Debug|Any CPU
		{CEE11814-AB87-45AE-B5C4-4F8759BE5265}.Debug|Any CPU.Build.0 = Debug|Any CPU
		{CEE11814-AB87-45AE-B5C4-4F8759BE5265}.Debug|Mixed Platforms.ActiveCfg = Debug|Any CPU
		{CEE11814-AB87-45AE-B5C4-4F8759BE5265}.Debug|Mixed Platforms.Build.0 = Debug|Any CPU
		{CEE11814-AB87-45AE-B5C4-4F8759BE5265}.Debug|x86.ActiveCfg = Debug|Any CPU
		{CEE11814-AB87-45AE-B5C4-4F8759BE5265}.Release|Any CPU.ActiveCfg = Release|Any CPU
		{CEE11814-AB87-45AE-B5C4-4F8759BE5265}.Release|Any CPU.Build.0 = Release|Any CPU
		{CEE11814-AB87-45AE-B5C4-4F8759BE5265}.Release|Mixed Platforms.ActiveCfg = Release|Any CPU
		{CEE11814-AB87-45AE-B5C4-4F8759BE5265}.Release|Mixed Platforms.Build.0 = Release|Any CPU
		{CEE11814-AB87-45AE-B5C4-4F8759BE5265}.Release|x86.ActiveCfg = Release|Any CPU
		{EE193094-B6A8-46C2-9E82-50AC198D3987}.Debug|Any CPU.ActiveCfg = Debug|Any CPU
		{EE193094-B6A8-46C2-9E82-50AC198D3987}.Debug|Any CPU.Build.0 = Debug|Any CPU
		{EE193094-B6A8-46C2-9E82-50AC198D3987}.Debug|Mixed Platforms.ActiveCfg = Debug|Any CPU
		{EE193094-B6A8-46C2-9E82-50AC198D3987}.Debug|Mixed Platforms.Build.0 = Debug|Any CPU
		{EE193094-B6A8-46C2-9E82-50AC198D3987}.Debug|x86.ActiveCfg = Debug|Any CPU
		{EE193094-B6A8-46C2-9E82-50AC198D3987}.Release|Any CPU.ActiveCfg = Release|Any CPU
		{EE193094-B6A8-46C2-9E82-50AC198D3987}.Release|Any CPU.Build.0 = Release|Any CPU
		{EE193094-B6A8-46C2-9E82-50AC198D3987}.Release|Mixed Platforms.ActiveCfg = Release|Any CPU
		{EE193094-B6A8-46C2-9E82-50AC198D3987}.Release|Mixed Platforms.Build.0 = Release|Any CPU
		{EE193094-B6A8-46C2-9E82-50AC198D3987}.Release|x86.ActiveCfg = Release|Any CPU
		{8A7224CF-EF73-431E-99FD-2A894708F7BD}.Debug|Any CPU.ActiveCfg = Debug|Any CPU
		{8A7224CF-EF73-431E-99FD-2A894708F7BD}.Debug|Any CPU.Build.0 = Debug|Any CPU
		{8A7224CF-EF73-431E-99FD-2A894708F7BD}.Debug|Mixed Platforms.ActiveCfg = Debug|Any CPU
		{8A7224CF-EF73-431E-99FD-2A894708F7BD}.Debug|Mixed Platforms.Build.0 = Debug|Any CPU
		{8A7224CF-EF73-431E-99FD-2A894708F7BD}.Debug|x86.ActiveCfg = Debug|Any CPU
		{8A7224CF-EF73-431E-99FD-2A894708F7BD}.Release|Any CPU.ActiveCfg = Release|Any CPU
		{8A7224CF-EF73-431E-99FD-2A894708F7BD}.Release|Any CPU.Build.0 = Release|Any CPU
		{8A7224CF-EF73-431E-99FD-2A894708F7BD}.Release|Mixed Platforms.ActiveCfg = Release|Any CPU
		{8A7224CF-EF73-431E-99FD-2A894708F7BD}.Release|Mixed Platforms.Build.0 = Release|Any CPU
		{8A7224CF-EF73-431E-99FD-2A894708F7BD}.Release|x86.ActiveCfg = Release|Any CPU
		{E75CA2E0-80DB-4C48-8FE0-55FBACC43E81}.Debug|Any CPU.ActiveCfg = Debug|Any CPU
		{E75CA2E0-80DB-4C48-8FE0-55FBACC43E81}.Debug|Any CPU.Build.0 = Debug|Any CPU
		{E75CA2E0-80DB-4C48-8FE0-55FBACC43E81}.Debug|Mixed Platforms.ActiveCfg = Debug|Any CPU
		{E75CA2E0-80DB-4C48-8FE0-55FBACC43E81}.Debug|Mixed Platforms.Build.0 = Debug|Any CPU
		{E75CA2E0-80DB-4C48-8FE0-55FBACC43E81}.Debug|x86.ActiveCfg = Debug|Any CPU
		{E75CA2E0-80DB-4C48-8FE0-55FBACC43E81}.Release|Any CPU.ActiveCfg = Release|Any CPU
		{E75CA2E0-80DB-4C48-8FE0-55FBACC43E81}.Release|Any CPU.Build.0 = Release|Any CPU
		{E75CA2E0-80DB-4C48-8FE0-55FBACC43E81}.Release|Mixed Platforms.ActiveCfg = Release|Any CPU
		{E75CA2E0-80DB-4C48-8FE0-55FBACC43E81}.Release|Mixed Platforms.Build.0 = Release|Any CPU
		{E75CA2E0-80DB-4C48-8FE0-55FBACC43E81}.Release|x86.ActiveCfg = Release|Any CPU
	EndGlobalSection
	GlobalSection(SolutionProperties) = preSolution
		HideSolutionNode = FALSE
	EndGlobalSection
	GlobalSection(NestedProjects) = preSolution
		{D594930E-9C6B-48EE-B11C-745E7CCFF1DC} = {B7AA7D83-FD5D-4699-957B-8FA466583825}
		{CEE11814-AB87-45AE-B5C4-4F8759BE5265} = {B7AA7D83-FD5D-4699-957B-8FA466583825}
		{080ACC59-CF82-4961-98CB-638D4976944F} = {883D9C25-11B3-4FBA-8322-745C849B3D74}
		{BFA0CA76-D587-43F9-85B7-55A52B132FFF} = {883D9C25-11B3-4FBA-8322-745C849B3D74}
		{8A7224CF-EF73-431E-99FD-2A894708F7BD} = {883D9C25-11B3-4FBA-8322-745C849B3D74}
		{E75CA2E0-80DB-4C48-8FE0-55FBACC43E81} = {883D9C25-11B3-4FBA-8322-745C849B3D74}
		{08063C3D-0EE5-445F-A671-9C5ED6A741F6} = {02317830-E906-4C81-ABA2-F973AF11F52C}
		{2A4AEDC5-35CC-4D39-81E6-F9A328521F4E} = {02317830-E906-4C81-ABA2-F973AF11F52C}
		{A4B862CD-D259-4595-8B84-812F1A6A9533} = {1D6B7C20-1A33-4385-B8A2-374085172F7E}
		{EE193094-B6A8-46C2-9E82-50AC198D3987} = {1D6B7C20-1A33-4385-B8A2-374085172F7E}
	EndGlobalSection
EndGlobal
